
Microsoft Visual Studio Solution File, Format Version 12.00
# Visual Studio Version 17
VisualStudioVersion = 17.4.33122.133
MinimumVisualStudioVersion = 10.0.40219.1
Project("{FAE04EC0-301F-11D3-BF4B-00C04F79EFBC}") = "PeliculasApi", "PeliculasApi\PeliculasApi.csproj", "{625427CC-BA23-4A27-96FA-E9E56EEBDAEC}"
EndProject
Global
	GlobalSection(SolutionConfigurationPlatforms) = preSolution
		Debug|Any CPU = Debug|Any CPU
		Release|Any CPU = Release|Any CPU
	EndGlobalSection
	GlobalSection(ProjectConfigurationPlatforms) = postSolution
		{625427CC-BA23-4A27-96FA-E9E56EEBDAEC}.Debug|Any CPU.ActiveCfg = Debug|Any CPU
		{625427CC-BA23-4A27-96FA-E9E56EEBDAEC}.Debug|Any CPU.Build.0 = Debug|Any CPU
		{625427CC-BA23-4A27-96FA-E9E56EEBDAEC}.Release|Any CPU.ActiveCfg = Release|Any CPU
		{625427CC-BA23-4A27-96FA-E9E56EEBDAEC}.Release|Any CPU.Build.0 = Release|Any CPU
	EndGlobalSection
	GlobalSection(SolutionProperties) = preSolution
		HideSolutionNode = FALSE
	EndGlobalSection
	GlobalSection(ExtensibilityGlobals) = postSolution
		SolutionGuid = {202FD4AB-8C52-4BF0-93DA-7E460A06781E}
	EndGlobalSection
EndGlobal
